
Microsoft Visual Studio Solution File, Format Version 12.00
# Visual Studio Version 17
VisualStudioVersion = 17.5.002.0
MinimumVisualStudioVersion = 10.0.40219.1
Project("{9A19103F-16F7-4668-BE54-9A1E7A4F7556}") = "CarDealership", "CarDealership.csproj", "{558BABE0-009E-4049-850A-04DB7C8649D3}"
EndProject
Global
	GlobalSection(SolutionConfigurationPlatforms) = preSolution
		Debug|Any CPU = Debug|Any CPU
		Release|Any CPU = Release|Any CPU
	EndGlobalSection
	GlobalSection(ProjectConfigurationPlatforms) = postSolution
		{558BABE0-009E-4049-850A-04DB7C8649D3}.Debug|Any CPU.ActiveCfg = Debug|Any CPU
		{558BABE0-009E-4049-850A-04DB7C8649D3}.Debug|Any CPU.Build.0 = Debug|Any CPU
		{558BABE0-009E-4049-850A-04DB7C8649D3}.Release|Any CPU.ActiveCfg = Release|Any CPU
		{558BABE0-009E-4049-850A-04DB7C8649D3}.Release|Any CPU.Build.0 = Release|Any CPU
	EndGlobalSection
	GlobalSection(SolutionProperties) = preSolution
		HideSolutionNode = FALSE
	EndGlobalSection
	GlobalSection(ExtensibilityGlobals) = postSolution
		SolutionGuid = {66FDA2B2-4D9A-4F79-856A-2D10471D4706}
	EndGlobalSection
EndGlobal
